
Microsoft Visual Studio Solution File, Format Version 12.00
# Visual Studio 15
VisualStudioVersion = 15.0.28307.489
MinimumVisualStudioVersion = 10.0.40219.1
Project("{8BC9CEB8-8B4A-11D0-8D11-00A0C91BC942}") = "D3D12", "D3D12\D3D12.vcxproj", "{911849C0-6170-40C6-81F3-BCB33D4848AA}"
EndProject
Global
	GlobalSection(SolutionConfigurationPlatforms) = preSolution
		Debug|x64 = Debug|x64
		Debug|x86 = Debug|x86
		Release|x64 = Release|x64
		Release|x86 = Release|x86
	EndGlobalSection
	GlobalSection(ProjectConfigurationPlatforms) = postSolution
		{911849C0-6170-40C6-81F3-BCB33D4848AA}.Debug|x64.ActiveCfg = Debug|x64
		{911849C0-6170-40C6-81F3-BCB33D4848AA}.Debug|x64.Build.0 = Debug|x64
		{911849C0-6170-40C6-81F3-BCB33D4848AA}.Debug|x86.ActiveCfg = Debug|Win32
		{911849C0-6170-40C6-81F3-BCB33D4848AA}.Debug|x86.Build.0 = Debug|Win32
		{911849C0-6170-40C6-81F3-BCB33D4848AA}.Release|x64.ActiveCfg = Release|x64
		{911849C0-6170-40C6-81F3-BCB33D4848AA}.Release|x64.Build.0 = Release|x64
		{911849C0-6170-40C6-81F3-BCB33D4848AA}.Release|x86.ActiveCfg = Release|Win32
		{911849C0-6170-40C6-81F3-BCB33D4848AA}.Release|x86.Build.0 = Release|Win32
	EndGlobalSection
	GlobalSection(SolutionProperties) = preSolution
		HideSolutionNode = FALSE
	EndGlobalSection
	GlobalSection(ExtensibilityGlobals) = postSolution
		SolutionGuid = {F82C4FA9-994A-4190-8ECF-76DAF13CFF55}
	EndGlobalSection
EndGlobal
